// !$*UTF8*$!
{
	archiveVersion = 1;
	classes = {
	};
	objectVersion = 50;
	objects = {

/* Begin PBXBuildFile section */
		62744F7C28A66E6400A93FF4 /* haykmerchCocoa.h in Headers */ = {isa = PBXBuildFile; fileRef = 62744F7A28A66E6400A93FF4 /* haykmerchCocoa.h */; settings = {ATTRIBUTES = (Public, ); }; };
		62744F9A28A6798E00A93FF4 /* Gears.swift in Sources */ = {isa = PBXBuildFile; fileRef = 62744F9928A6798E00A93FF4 /* Gears.swift */; };
		C694F643310BC535FA00AA69 /* libPods-haykmerchCocoa.a in Frameworks */ = {isa = PBXBuildFile; fileRef = C6B750A15B2DD993816E4ACC /* libPods-haykmerchCocoa.a */; };
/* End PBXBuildFile section */

/* Begin PBXFileReference section */
		2197DB3A34219A59E134E4F7 /* Pods-haykmerchCocoa.release.xcconfig */ = {isa = PBXFileReference; includeInIndex = 1; lastKnownFileType = text.xcconfig; name = "Pods-haykmerchCocoa.release.xcconfig"; path = "Target Support Files/Pods-haykmerchCocoa/Pods-haykmerchCocoa.release.xcconfig"; sourceTree = "<group>"; };
		62744F7728A66E6400A93FF4 /* haykmerchCocoa.framework */ = {isa = PBXFileReference; explicitFileType = wrapper.framework; includeInIndex = 0; path = haykmerchCocoa.framework; sourceTree = BUILT_PRODUCTS_DIR; };
		62744F7A28A66E6400A93FF4 /* haykmerchCocoa.h */ = {isa = PBXFileReference; lastKnownFileType = sourcecode.c.h; path = haykmerchCocoa.h; sourceTree = "<group>"; };
		62744F7B28A66E6400A93FF4 /* Info.plist */ = {isa = PBXFileReference; lastKnownFileType = text.plist.xml; path = Info.plist; sourceTree = "<group>"; };
		62744F9628A6791D00A93FF4 /* LICENSE */ = {isa = PBXFileReference; lastKnownFileType = file; path = LICENSE; sourceTree = "<group>"; };
		62744F9928A6798E00A93FF4 /* Gears.swift */ = {isa = PBXFileReference; lastKnownFileType = sourcecode.swift; path = Gears.swift; sourceTree = "<group>"; };
		B51AEC727D7BBC17DDA2E2DD /* Pods-haykmerchCocoa.debug.xcconfig */ = {isa = PBXFileReference; includeInIndex = 1; lastKnownFileType = text.xcconfig; name = "Pods-haykmerchCocoa.debug.xcconfig"; path = "Target Support Files/Pods-haykmerchCocoa/Pods-haykmerchCocoa.debug.xcconfig"; sourceTree = "<group>"; };
		C6B750A15B2DD993816E4ACC /* libPods-haykmerchCocoa.a */ = {isa = PBXFileReference; explicitFileType = archive.ar; includeInIndex = 0; path = "libPods-haykmerchCocoa.a"; sourceTree = BUILT_PRODUCTS_DIR; };
/* End PBXFileReference section */

/* Begin PBXFrameworksBuildPhase section */
		62744F7428A66E6400A93FF4 /* Frameworks */ = {
			isa = PBXFrameworksBuildPhase;
			buildActionMask = 2147483647;
			files = (
				C694F643310BC535FA00AA69 /* libPods-haykmerchCocoa.a in Frameworks */,
			);
			runOnlyForDeploymentPostprocessing = 0;
		};
/* End PBXFrameworksBuildPhase section */

/* Begin PBXGroup section */
		558685AFDDD045F060D2D12A /* Pods */ = {
			isa = PBXGroup;
			children = (
				B51AEC727D7BBC17DDA2E2DD /* Pods-haykmerchCocoa.debug.xcconfig */,
				2197DB3A34219A59E134E4F7 /* Pods-haykmerchCocoa.release.xcconfig */,
			);
			path = Pods;
			sourceTree = "<group>";
		};
		62744F6D28A66E6400A93FF4 = {
			isa = PBXGroup;
			children = (
				62744F9628A6791D00A93FF4 /* LICENSE */,
				62744F7928A66E6400A93FF4 /* haykmerchCocoa */,
				62744F7828A66E6400A93FF4 /* Products */,
				558685AFDDD045F060D2D12A /* Pods */,
				8F58206EA3F75D30AE87FDA5 /* Frameworks */,
			);
			sourceTree = "<group>";
		};
		62744F7828A66E6400A93FF4 /* Products */ = {
			isa = PBXGroup;
			children = (
				62744F7728A66E6400A93FF4 /* haykmerchCocoa.framework */,
			);
			name = Products;
			sourceTree = "<group>";
		};
		62744F7928A66E6400A93FF4 /* haykmerchCocoa */ = {
			isa = PBXGroup;
			children = (
				62744F9028A6723200A93FF4 /* Pod */,
				62744F7A28A66E6400A93FF4 /* haykmerchCocoa.h */,
				62744F7B28A66E6400A93FF4 /* Info.plist */,
			);
			path = haykmerchCocoa;
			sourceTree = "<group>";
		};
		62744F9028A6723200A93FF4 /* Pod */ = {
			isa = PBXGroup;
			children = (
				62744F9928A6798E00A93FF4 /* Gears.swift */,
			);
			path = Pod;
			sourceTree = "<group>";
		};
		8F58206EA3F75D30AE87FDA5 /* Frameworks */ = {
			isa = PBXGroup;
			children = (
				C6B750A15B2DD993816E4ACC /* libPods-haykmerchCocoa.a */,
			);
			name = Frameworks;
			sourceTree = "<group>";
		};
/* End PBXGroup section */

/* Begin PBXHeadersBuildPhase section */
		62744F7228A66E6400A93FF4 /* Headers */ = {
			isa = PBXHeadersBuildPhase;
			buildActionMask = 2147483647;
			files = (
				62744F7C28A66E6400A93FF4 /* haykmerchCocoa.h in Headers */,
			);
			runOnlyForDeploymentPostprocessing = 0;
		};
/* End PBXHeadersBuildPhase section */

/* Begin PBXNativeTarget section */
		62744F7628A66E6400A93FF4 /* haykmerchCocoa */ = {
			isa = PBXNativeTarget;
			buildConfigurationList = 62744F7F28A66E6400A93FF4 /* Build configuration list for PBXNativeTarget "haykmerchCocoa" */;
			buildPhases = (
				F63E9145D1580B826F8EF1E5 /* [CP] Check Pods Manifest.lock */,
				62744F7228A66E6400A93FF4 /* Headers */,
				62744F7328A66E6400A93FF4 /* Sources */,
				62744F7428A66E6400A93FF4 /* Frameworks */,
				62744F7528A66E6400A93FF4 /* Resources */,
			);
			buildRules = (
			);
			dependencies = (
			);
			name = haykmerchCocoa;
			productName = haykmerchCocoa;
			productReference = 62744F7728A66E6400A93FF4 /* haykmerchCocoa.framework */;
			productType = "com.apple.product-type.framework";
		};
/* End PBXNativeTarget section */

/* Begin PBXProject section */
		62744F6E28A66E6400A93FF4 /* Project object */ = {
			isa = PBXProject;
			attributes = {
				LastUpgradeCheck = 1240;
				TargetAttributes = {
					62744F7628A66E6400A93FF4 = {
						CreatedOnToolsVersion = 12.4;
						LastSwiftMigration = 1240;
					};
				};
			};
			buildConfigurationList = 62744F7128A66E6400A93FF4 /* Build configuration list for PBXProject "haykmerchCocoa" */;
			compatibilityVersion = "Xcode 9.3";
			developmentRegion = en;
			hasScannedForEncodings = 0;
			knownRegions = (
				en,
				Base,
			);
			mainGroup = 62744F6D28A66E6400A93FF4;
			productRefGroup = 62744F7828A66E6400A93FF4 /* Products */;
			projectDirPath = "";
			projectRoot = "";
			targets = (
				62744F7628A66E6400A93FF4 /* haykmerchCocoa */,
			);
		};
/* End PBXProject section */

/* Begin PBXResourcesBuildPhase section */
		62744F7528A66E6400A93FF4 /* Resources */ = {
			isa = PBXResourcesBuildPhase;
			buildActionMask = 2147483647;
			files = (
			);
			runOnlyForDeploymentPostprocessing = 0;
		};
/* End PBXResourcesBuildPhase section */

/* Begin PBXShellScriptBuildPhase section */
		F63E9145D1580B826F8EF1E5 /* [CP] Check Pods Manifest.lock */ = {
			isa = PBXShellScriptBuildPhase;
			buildActionMask = 2147483647;
			files = (
			);
			inputFileListPaths = (
			);
			inputPaths = (
				"${PODS_PODFILE_DIR_PATH}/Podfile.lock",
				"${PODS_ROOT}/Manifest.lock",
			);
			name = "[CP] Check Pods Manifest.lock";
			outputFileListPaths = (
			);
			outputPaths = (
				"$(DERIVED_FILE_DIR)/Pods-haykmerchCocoa-checkManifestLockResult.txt",
			);
			runOnlyForDeploymentPostprocessing = 0;
			shellPath = /bin/sh;
			shellScript = "diff \"${PODS_PODFILE_DIR_PATH}/Podfile.lock\" \"${PODS_ROOT}/Manifest.lock\" > /dev/null\nif [ $? != 0 ] ; then\n    # print error to STDERR\n    echo \"error: The sandbox is not in sync with the Podfile.lock. Run 'pod install' or update your CocoaPods installation.\" >&2\n    exit 1\nfi\n# This output is used by Xcode 'outputs' to avoid re-running this script phase.\necho \"SUCCESS\" > \"${SCRIPT_OUTPUT_FILE_0}\"\n";
			showEnvVarsInLog = 0;
		};
/* End PBXShellScriptBuildPhase section */

/* Begin PBXSourcesBuildPhase section */
		62744F7328A66E6400A93FF4 /* Sources */ = {
			isa = PBXSourcesBuildPhase;
			buildActionMask = 2147483647;
			files = (
				62744F9A28A6798E00A93FF4 /* Gears.swift in Sources */,
			);
			runOnlyForDeploymentPostprocessing = 0;
		};
/* End PBXSourcesBuildPhase section */

/* Begin XCBuildConfiguration section */
		62744F7D28A66E6400A93FF4 /* Debug */ = {
			isa = XCBuildConfiguration;
			buildSettings = {
				ALWAYS_SEARCH_USER_PATHS = NO;
				CLANG_ANALYZER_NONNULL = YES;
				CLANG_ANALYZER_NUMBER_OBJECT_CONVERSION = YES_AGGRESSIVE;
				CLANG_CXX_LANGUAGE_STANDARD = "gnu++14";
				CLANG_CXX_LIBRARY = "libc++";
				CLANG_ENABLE_MODULES = YES;
				CLANG_ENABLE_OBJC_ARC = YES;
				CLANG_ENABLE_OBJC_WEAK = YES;
				CLANG_WARN_BLOCK_CAPTURE_AUTORELEASING = YES;
				CLANG_WARN_BOOL_CONVERSION = YES;
				CLANG_WARN_COMMA = YES;
				CLANG_WARN_CONSTANT_CONVERSION = YES;
				CLANG_WARN_DEPRECATED_OBJC_IMPLEMENTATIONS = YES;
				CLANG_WARN_DIRECT_OBJC_ISA_USAGE = YES_ERROR;
				CLANG_WARN_DOCUMENTATION_COMMENTS = YES;
				CLANG_WARN_EMPTY_BODY = YES;
				CLANG_WARN_ENUM_CONVERSION = YES;
				CLANG_WARN_INFINITE_RECURSION = YES;
				CLANG_WARN_INT_CONVERSION = YES;
				CLANG_WARN_NON_LITERAL_NULL_CONVERSION = YES;
				CLANG_WARN_OBJC_IMPLICIT_RETAIN_SELF = YES;
				CLANG_WARN_OBJC_LITERAL_CONVERSION = YES;
				CLANG_WARN_OBJC_ROOT_CLASS = YES_ERROR;
				CLANG_WARN_QUOTED_INCLUDE_IN_FRAMEWORK_HEADER = YES;
				CLANG_WARN_RANGE_LOOP_ANALYSIS = YES;
				CLANG_WARN_STRICT_PROTOTYPES = YES;
				CLANG_WARN_SUSPICIOUS_MOVE = YES;
				CLANG_WARN_UNGUARDED_AVAILABILITY = YES_AGGRESSIVE;
				CLANG_WARN_UNREACHABLE_CODE = YES;
				CLANG_WARN__DUPLICATE_METHOD_MATCH = YES;
				COPY_PHASE_STRIP = NO;
				CURRENT_PROJECT_VERSION = 1;
				DEBUG_INFORMATION_FORMAT = dwarf;
				ENABLE_STRICT_OBJC_MSGSEND = YES;
				ENABLE_TESTABILITY = YES;
				GCC_C_LANGUAGE_STANDARD = gnu11;
				GCC_DYNAMIC_NO_PIC = NO;
				GCC_NO_COMMON_BLOCKS = YES;
				GCC_OPTIMIZATION_LEVEL = 0;
				GCC_PREPROCESSOR_DEFINITIONS = (
					"DEBUG=1",
					"$(inherited)",
				);
				GCC_WARN_64_TO_32_BIT_CONVERSION = YES;
				GCC_WARN_ABOUT_RETURN_TYPE = YES_ERROR;
				GCC_WARN_UNDECLARED_SELECTOR = YES;
				GCC_WARN_UNINITIALIZED_AUTOS = YES_AGGRESSIVE;
				GCC_WARN_UNUSED_FUNCTION = YES;
				GCC_WARN_UNUSED_VARIABLE = YES;
				IPHONEOS_DEPLOYMENT_TARGET = 14.4;
				MTL_ENABLE_DEBUG_INFO = INCLUDE_SOURCE;
				MTL_FAST_MATH = YES;
				ONLY_ACTIVE_ARCH = YES;
				SDKROOT = iphoneos;
				SWIFT_ACTIVE_COMPILATION_CONDITIONS = DEBUG;
				SWIFT_OPTIMIZATION_LEVEL = "-Onone";
				VERSIONING_SYSTEM = "apple-generic";
				VERSION_INFO_PREFIX = "";
			};
			name = Debug;
		};
		62744F7E28A66E6400A93FF4 /* Release */ = {
			isa = XCBuildConfiguration;
			buildSettings = {
				ALWAYS_SEARCH_USER_PATHS = NO;
				CLANG_ANALYZER_NONNULL = YES;
				CLANG_ANALYZER_NUMBER_OBJECT_CONVERSION = YES_AGGRESSIVE;
				CLANG_CXX_LANGUAGE_STANDARD = "gnu++14";
				CLANG_CXX_LIBRARY = "libc++";
				CLANG_ENABLE_MODULES = YES;
				CLANG_ENABLE_OBJC_ARC = YES;
				CLANG_ENABLE_OBJC_WEAK = YES;
				CLANG_WARN_BLOCK_CAPTURE_AUTORELEASING = YES;
				CLANG_WARN_BOOL_CONVERSION = YES;
				CLANG_WARN_COMMA = YES;
				CLANG_WARN_CONSTANT_CONVERSION = YES;
				CLANG_WARN_DEPRECATED_OBJC_IMPLEMENTATIONS = YES;
				CLANG_WARN_DIRECT_OBJC_ISA_USAGE = YES_ERROR;
				CLANG_WARN_DOCUMENTATION_COMMENTS = YES;
				CLANG_WARN_EMPTY_BODY = YES;
				CLANG_WARN_ENUM_CONVERSION = YES;
				CLANG_WARN_INFINITE_RECURSION = YES;
				CLANG_WARN_INT_CONVERSION = YES;
				CLANG_WARN_NON_LITERAL_NULL_CONVERSION = YES;
				CLANG_WARN_OBJC_IMPLICIT_RETAIN_SELF = YES;
				CLANG_WARN_OBJC_LITERAL_CONVERSION = YES;
				CLANG_WARN_OBJC_ROOT_CLASS = YES_ERROR;
				CLANG_WARN_QUOTED_INCLUDE_IN_FRAMEWORK_HEADER = YES;
				CLANG_WARN_RANGE_LOOP_ANALYSIS = YES;
				CLANG_WARN_STRICT_PROTOTYPES = YES;
				CLANG_WARN_SUSPICIOUS_MOVE = YES;
				CLANG_WARN_UNGUARDED_AVAILABILITY = YES_AGGRESSIVE;
				CLANG_WARN_UNREACHABLE_CODE = YES;
				CLANG_WARN__DUPLICATE_METHOD_MATCH = YES;
				COPY_PHASE_STRIP = NO;
				CURRENT_PROJECT_VERSION = 1;
				DEBUG_INFORMATION_FORMAT = "dwarf-with-dsym";
				ENABLE_NS_ASSERTIONS = NO;
				ENABLE_STRICT_OBJC_MSGSEND = YES;
				GCC_C_LANGUAGE_STANDARD = gnu11;
				GCC_NO_COMMON_BLOCKS = YES;
				GCC_WARN_64_TO_32_BIT_CONVERSION = YES;
				GCC_WARN_ABOUT_RETURN_TYPE = YES_ERROR;
				GCC_WARN_UNDECLARED_SELECTOR = YES;
				GCC_WARN_UNINITIALIZED_AUTOS = YES_AGGRESSIVE;
				GCC_WARN_UNUSED_FUNCTION = YES;
				GCC_WARN_UNUSED_VARIABLE = YES;
				IPHONEOS_DEPLOYMENT_TARGET = 14.4;
				MTL_ENABLE_DEBUG_INFO = NO;
				MTL_FAST_MATH = YES;
				SDKROOT = iphoneos;
				SWIFT_COMPILATION_MODE = wholemodule;
				SWIFT_OPTIMIZATION_LEVEL = "-O";
				VALIDATE_PRODUCT = YES;
				VERSIONING_SYSTEM = "apple-generic";
				VERSION_INFO_PREFIX = "";
			};
			name = Release;
		};
		62744F8028A66E6400A93FF4 /* Debug */ = {
			isa = XCBuildConfiguration;
			baseConfigurationReference = B51AEC727D7BBC17DDA2E2DD /* Pods-haykmerchCocoa.debug.xcconfig */;
			buildSettings = {
				CLANG_ENABLE_MODULES = YES;
				CODE_SIGN_STYLE = Automatic;
				DEFINES_MODULE = YES;
				DEVELOPMENT_TEAM = J63D684Z2W;
				DYLIB_COMPATIBILITY_VERSION = 1;
				DYLIB_CURRENT_VERSION = 1;
				DYLIB_INSTALL_NAME_BASE = "@rpath";
				INFOPLIST_FILE = haykmerchCocoa/Info.plist;
				INSTALL_PATH = "$(LOCAL_LIBRARY_DIR)/Frameworks";
				LD_RUNPATH_SEARCH_PATHS = (
					"$(inherited)",
					"@executable_path/Frameworks",
					"@loader_path/Frameworks",
				);
				PRODUCT_BUNDLE_IDENTIFIER = haykmerch.haykmerchCocoa;
				PRODUCT_NAME = "$(TARGET_NAME:c99extidentifier)";
				SKIP_INSTALL = YES;
				SWIFT_OPTIMIZATION_LEVEL = "-Onone";
				SWIFT_VERSION = 5.0;
				TARGETED_DEVICE_FAMILY = "1,2";
			};
			name = Debug;
		};
		62744F8128A66E6400A93FF4 /* Release */ = {
			isa = XCBuildConfiguration;
			baseConfigurationReference = 2197DB3A34219A59E134E4F7 /* Pods-haykmerchCocoa.release.xcconfig */;
			buildSettings = {
				CLANG_ENABLE_MODULES = YES;
				CODE_SIGN_STYLE = Automatic;
				DEFINES_MODULE = YES;
				DEVELOPMENT_TEAM = J63D684Z2W;
				DYLIB_COMPATIBILITY_VERSION = 1;
				DYLIB_CURRENT_VERSION = 1;
				DYLIB_INSTALL_NAME_BASE = "@rpath";
				INFOPLIST_FILE = haykmerchCocoa/Info.plist;
				INSTALL_PATH = "$(LOCAL_LIBRARY_DIR)/Frameworks";
				LD_RUNPATH_SEARCH_PATHS = (
					"$(inherited)",
					"@executable_path/Frameworks",
					"@loader_path/Frameworks",
				);
				PRODUCT_BUNDLE_IDENTIFIER = haykmerch.haykmerchCocoa;
				PRODUCT_NAME = "$(TARGET_NAME:c99extidentifier)";
				SKIP_INSTALL = YES;
				SWIFT_VERSION = 5.0;
				TARGETED_DEVICE_FAMILY = "1,2";
			};
			name = Release;
		};
/* End XCBuildConfiguration section */

/* Begin XCConfigurationList section */
		62744F7128A66E6400A93FF4 /* Build configuration list for PBXProject "haykmerchCocoa" */ = {
			isa = XCConfigurationList;
			buildConfigurations = (
				62744F7D28A66E6400A93FF4 /* Debug */,
				62744F7E28A66E6400A93FF4 /* Release */,
			);
			defaultConfigurationIsVisible = 0;
			defaultConfigurationName = Release;
		};
		62744F7F28A66E6400A93FF4 /* Build configuration list for PBXNativeTarget "haykmerchCocoa" */ = {
			isa = XCConfigurationList;
			buildConfigurations = (
				62744F8028A66E6400A93FF4 /* Debug */,
				62744F8128A66E6400A93FF4 /* Release */,
			);
			defaultConfigurationIsVisible = 0;
			defaultConfigurationName = Release;
		};
/* End XCConfigurationList section */
	};
	rootObject = 62744F6E28A66E6400A93FF4 /* Project object */;
}
